
Microsoft Visual Studio Solution File, Format Version 12.00
# Visual Studio Version 16
VisualStudioVersion = 16.0.32228.343
MinimumVisualStudioVersion = 10.0.40219.1
Project("{FAE04EC0-301F-11D3-BF4B-00C04F79EFBC}") = "RandomFromArray", "RandomFromArray\RandomFromArray.csproj", "{B9DF03E8-FFC1-4F90-8EC7-34AF38DA0E31}"
EndProject
Project("{FAE04EC0-301F-11D3-BF4B-00C04F79EFBC}") = "MatterOfTaste", "MatterOfTaste\MatterOfTaste.csproj", "{1E834F06-205A-4B89-A2EE-4736DE103221}"
EndProject
Project("{FAE04EC0-301F-11D3-BF4B-00C04F79EFBC}") = "LoopingThroughTheArray", "LoopingThroughTheArray\LoopingThroughTheArray.csproj", "{9C874D83-BF5E-4696-BDAA-5B6C48716982}"
EndProject
Project("{FAE04EC0-301F-11D3-BF4B-00C04F79EFBC}") = "FortnuteCookieHomeWork", "FortnuteCookieHomeWork\FortnuteCookieHomeWork.csproj", "{AFCA33C5-59F9-4F74-8475-AAF63BE4F4F8}"
EndProject
Project("{FAE04EC0-301F-11D3-BF4B-00C04F79EFBC}") = "ForEachArray", "ForEachArray\ForEachArray.csproj", "{4FD806DD-1EEB-4F9C-9D13-81AA7F7B5F73}"
EndProject
Global
	GlobalSection(SolutionConfigurationPlatforms) = preSolution
		Debug|Any CPU = Debug|Any CPU
		Release|Any CPU = Release|Any CPU
	EndGlobalSection
	GlobalSection(ProjectConfigurationPlatforms) = postSolution
		{B9DF03E8-FFC1-4F90-8EC7-34AF38DA0E31}.Debug|Any CPU.ActiveCfg = Debug|Any CPU
		{B9DF03E8-FFC1-4F90-8EC7-34AF38DA0E31}.Debug|Any CPU.Build.0 = Debug|Any CPU
		{B9DF03E8-FFC1-4F90-8EC7-34AF38DA0E31}.Release|Any CPU.ActiveCfg = Release|Any CPU
		{B9DF03E8-FFC1-4F90-8EC7-34AF38DA0E31}.Release|Any CPU.Build.0 = Release|Any CPU
		{1E834F06-205A-4B89-A2EE-4736DE103221}.Debug|Any CPU.ActiveCfg = Debug|Any CPU
		{1E834F06-205A-4B89-A2EE-4736DE103221}.Debug|Any CPU.Build.0 = Debug|Any CPU
		{1E834F06-205A-4B89-A2EE-4736DE103221}.Release|Any CPU.ActiveCfg = Release|Any CPU
		{1E834F06-205A-4B89-A2EE-4736DE103221}.Release|Any CPU.Build.0 = Release|Any CPU
		{9C874D83-BF5E-4696-BDAA-5B6C48716982}.Debug|Any CPU.ActiveCfg = Debug|Any CPU
		{9C874D83-BF5E-4696-BDAA-5B6C48716982}.Debug|Any CPU.Build.0 = Debug|Any CPU
		{9C874D83-BF5E-4696-BDAA-5B6C48716982}.Release|Any CPU.ActiveCfg = Release|Any CPU
		{9C874D83-BF5E-4696-BDAA-5B6C48716982}.Release|Any CPU.Build.0 = Release|Any CPU
		{AFCA33C5-59F9-4F74-8475-AAF63BE4F4F8}.Debug|Any CPU.ActiveCfg = Debug|Any CPU
		{AFCA33C5-59F9-4F74-8475-AAF63BE4F4F8}.Debug|Any CPU.Build.0 = Debug|Any CPU
		{AFCA33C5-59F9-4F74-8475-AAF63BE4F4F8}.Release|Any CPU.ActiveCfg = Release|Any CPU
		{AFCA33C5-59F9-4F74-8475-AAF63BE4F4F8}.Release|Any CPU.Build.0 = Release|Any CPU
		{4FD806DD-1EEB-4F9C-9D13-81AA7F7B5F73}.Debug|Any CPU.ActiveCfg = Debug|Any CPU
		{4FD806DD-1EEB-4F9C-9D13-81AA7F7B5F73}.Debug|Any CPU.Build.0 = Debug|Any CPU
		{4FD806DD-1EEB-4F9C-9D13-81AA7F7B5F73}.Release|Any CPU.ActiveCfg = Release|Any CPU
		{4FD806DD-1EEB-4F9C-9D13-81AA7F7B5F73}.Release|Any CPU.Build.0 = Release|Any CPU
	EndGlobalSection
	GlobalSection(SolutionProperties) = preSolution
		HideSolutionNode = FALSE
	EndGlobalSection
	GlobalSection(ExtensibilityGlobals) = postSolution
		SolutionGuid = {6B5C2D29-E4D6-4568-B49B-28A512286153}
	EndGlobalSection
EndGlobal
